
Microsoft Visual Studio Solution File, Format Version 12.00
# Visual Studio Version 17
VisualStudioVersion = 17.0.31903.59
MinimumVisualStudioVersion = 10.0.40219.1
Project("{2150E333-8FDC-42A3-9474-1A3956D46DE8}") = "src", "src", "{827E0CD3-B72D-47B6-A68D-7590B98EB39B}"
EndProject
Project("{2150E333-8FDC-42A3-9474-1A3956D46DE8}") = "API", "API", "{81034408-37C8-1011-444E-4C15C2FADA8E}"
EndProject
Project("{FAE04EC0-301F-11D3-BF4B-00C04F79EFBC}") = "ModularMonolithSample.API", "src\API\ModularMonolithSample.API\ModularMonolithSample.API.csproj", "{7FF70BD3-FCE1-48B2-9242-C7DF3F7DF24B}"
EndProject
Project("{2150E333-8FDC-42A3-9474-1A3956D46DE8}") = "BuildingBlocks", "BuildingBlocks", "{A1B2C3D4-E5F6-7890-1234-56789ABCDEF0}"
EndProject
Project("{FAE04EC0-301F-11D3-BF4B-00C04F79EFBC}") = "ModularMonolithSample.BuildingBlocks", "src\BuildingBlocks\ModularMonolithSample.BuildingBlocks\ModularMonolithSample.BuildingBlocks.csproj", "{CD60714D-0CC6-47A1-A464-60E545011B5D}"
EndProject
Project("{2150E333-8FDC-42A3-9474-1A3956D46DE8}") = "Modules", "Modules", "{EC447DCF-ABFA-6E24-52A5-D7FD48A5C558}"
EndProject
Project("{2150E333-8FDC-42A3-9474-1A3956D46DE8}") = "Event", "Event", "{D1234567-89AB-CDEF-0123-456789ABCDEF}"
EndProject
Project("{FAE04EC0-301F-11D3-BF4B-00C04F79EFBC}") = "ModularMonolithSample.Event.Domain", "src\Modules\Event\ModularMonolithSample.Event.Domain\ModularMonolithSample.Event.Domain.csproj", "{8E1F0D46-EFA5-44BA-A570-E88348E9F6F5}"
EndProject
Project("{FAE04EC0-301F-11D3-BF4B-00C04F79EFBC}") = "ModularMonolithSample.Event.Application", "src\Modules\Event\ModularMonolithSample.Event.Application\ModularMonolithSample.Event.Application.csproj", "{02929F3A-2F73-4EC2-A08C-45C0B167497C}"
EndProject
Project("{FAE04EC0-301F-11D3-BF4B-00C04F79EFBC}") = "ModularMonolithSample.Event.Infrastructure", "src\Modules\Event\ModularMonolithSample.Event.Infrastructure\ModularMonolithSample.Event.Infrastructure.csproj", "{8975956D-ECE8-4B60-92C7-1A70112005E8}"
EndProject
Project("{2150E333-8FDC-42A3-9474-1A3956D46DE8}") = "Attendee", "Attendee", "{31CD2CB5-350A-82DF-AFB0-7FE398B51CBB}"
EndProject
Project("{FAE04EC0-301F-11D3-BF4B-00C04F79EFBC}") = "ModularMonolithSample.Attendee.Domain", "src\Modules\Attendee\ModularMonolithSample.Attendee.Domain\ModularMonolithSample.Attendee.Domain.csproj", "{25977C78-0917-4EAC-93B1-C110B3D26EB6}"
EndProject
Project("{FAE04EC0-301F-11D3-BF4B-00C04F79EFBC}") = "ModularMonolithSample.Attendee.Application", "src\Modules\Attendee\ModularMonolithSample.Attendee.Application\ModularMonolithSample.Attendee.Application.csproj", "{5345FD86-7F4E-4406-94C5-C3ED1D20E752}"
EndProject
Project("{FAE04EC0-301F-11D3-BF4B-00C04F79EFBC}") = "ModularMonolithSample.Attendee.Infrastructure", "src\Modules\Attendee\ModularMonolithSample.Attendee.Infrastructure\ModularMonolithSample.Attendee.Infrastructure.csproj", "{87A16F62-B4E3-4D15-81F1-26E6F99AB769}"
EndProject
Project("{2150E333-8FDC-42A3-9474-1A3956D46DE8}") = "Ticket", "Ticket", "{E5FDEE30-367C-08DC-7DB2-17C5A9B2F85E}"
EndProject
Project("{FAE04EC0-301F-11D3-BF4B-00C04F79EFBC}") = "ModularMonolithSample.Ticket.Domain", "src\Modules\Ticket\ModularMonolithSample.Ticket.Domain\ModularMonolithSample.Ticket.Domain.csproj", "{88BA1D94-C89C-4A31-ADB4-B7E0C08F0A8E}"
EndProject
Project("{FAE04EC0-301F-11D3-BF4B-00C04F79EFBC}") = "ModularMonolithSample.Ticket.Application", "src\Modules\Ticket\ModularMonolithSample.Ticket.Application\ModularMonolithSample.Ticket.Application.csproj", "{1DE7A3A0-F6E7-42AE-A75E-6CC326CB6CDC}"
EndProject
Project("{FAE04EC0-301F-11D3-BF4B-00C04F79EFBC}") = "ModularMonolithSample.Ticket.Infrastructure", "src\Modules\Ticket\ModularMonolithSample.Ticket.Infrastructure\ModularMonolithSample.Ticket.Infrastructure.csproj", "{FB61BCCE-1009-4529-9A69-985707314847}"
EndProject
Project("{2150E333-8FDC-42A3-9474-1A3956D46DE8}") = "Feedback", "Feedback", "{E561A2CC-1A7C-F07F-E5AD-1B623E3B893A}"
EndProject
Project("{FAE04EC0-301F-11D3-BF4B-00C04F79EFBC}") = "ModularMonolithSample.Feedback.Domain", "src\Modules\Feedback\ModularMonolithSample.Feedback.Domain\ModularMonolithSample.Feedback.Domain.csproj", "{78D4AA44-DF80-4B02-854D-8D0A00055578}"
EndProject
Project("{FAE04EC0-301F-11D3-BF4B-00C04F79EFBC}") = "ModularMonolithSample.Feedback.Application", "src\Modules\Feedback\ModularMonolithSample.Feedback.Application\ModularMonolithSample.Feedback.Application.csproj", "{4F2A3082-CCBE-435B-A91D-0CBEBBF97961}"
EndProject
Project("{FAE04EC0-301F-11D3-BF4B-00C04F79EFBC}") = "ModularMonolithSample.Feedback.Infrastructure", "src\Modules\Feedback\ModularMonolithSample.Feedback.Infrastructure\ModularMonolithSample.Feedback.Infrastructure.csproj", "{4F238C64-4272-4634-BFF3-BC223C243A59}"
EndProject
Project("{2150E333-8FDC-42A3-9474-1A3956D46DE8}") = "tests", "tests", "{0AB3BF05-4346-4AA6-1389-037BE0695223}"
EndProject
Project("{2150E333-8FDC-42A3-9474-1A3956D46DE8}") = "Event.Application.UnitTests", "Event.Application.UnitTests", "{D9B20C9C-DD87-CE7C-47DA-0BA0D6416E7F}"
EndProject
Project("{FAE04EC0-301F-11D3-BF4B-00C04F79EFBC}") = "ModularMonolithSample.Event.Application.UnitTests", "tests\Event.Application.UnitTests\ModularMonolithSample.Event.Application.UnitTests\ModularMonolithSample.Event.Application.UnitTests.csproj", "{2673B5D8-B21D-4522-8118-1D585CA37EA0}"
EndProject
Project("{2150E333-8FDC-42A3-9474-1A3956D46DE8}") = "Ticket.Application.UnitTests", "Ticket.Application.UnitTests", "{5B55E270-AFA4-B867-AD94-FC307CCCA510}"
EndProject
Project("{FAE04EC0-301F-11D3-BF4B-00C04F79EFBC}") = "ModularMonolithSample.Ticket.Application.UnitTests", "tests\Ticket.Application.UnitTests\ModularMonolithSample.Ticket.Application.UnitTests\ModularMonolithSample.Ticket.Application.UnitTests.csproj", "{4A34DDCC-75DF-45D6-B2C1-E385899DD555}"
EndProject
Project("{2150E333-8FDC-42A3-9474-1A3956D46DE8}") = "Feedback.Application.UnitTests", "Feedback.Application.UnitTests", "{F1234567-89AB-CDEF-0123-456789ABCDEF}"
EndProject
Project("{FAE04EC0-301F-11D3-BF4B-00C04F79EFBC}") = "ModularMonolithSample.Feedback.Application.UnitTests", "tests\ModularMonolithSample.Feedback.Application.UnitTests\ModularMonolithSample.Feedback.Application.UnitTests.csproj", "{3A867DF6-66D2-45F9-A5EA-3F34E9AA1451}"
EndProject
Project("{2150E333-8FDC-42A3-9474-1A3956D46DE8}") = "Attendee.Application.UnitTests", "Attendee.Application.UnitTests", "{3296EB24-CAED-3D4C-E552-07C977D8AD8E}"
EndProject
Project("{FAE04EC0-301F-11D3-BF4B-00C04F79EFBC}") = "ModularMonolithSample.Attendee.Application.UnitTests", "tests\Attendee.Application.UnitTests\ModularMonolithSample.Attendee.Application.UnitTests\ModularMonolithSample.Attendee.Application.UnitTests.csproj", "{A94A6012-3DE4-433E-BA0B-1EF9F7A1F090}"
EndProject
Global
	GlobalSection(SolutionConfigurationPlatforms) = preSolution
		Debug|Any CPU = Debug|Any CPU
		Debug|x64 = Debug|x64
		Debug|x86 = Debug|x86
		Release|Any CPU = Release|Any CPU
		Release|x64 = Release|x64
		Release|x86 = Release|x86
	EndGlobalSection
	GlobalSection(ProjectConfigurationPlatforms) = postSolution
		{7FF70BD3-FCE1-48B2-9242-C7DF3F7DF24B}.Debug|Any CPU.ActiveCfg = Debug|Any CPU
		{7FF70BD3-FCE1-48B2-9242-C7DF3F7DF24B}.Debug|Any CPU.Build.0 = Debug|Any CPU
		{7FF70BD3-FCE1-48B2-9242-C7DF3F7DF24B}.Debug|x64.ActiveCfg = Debug|Any CPU
		{7FF70BD3-FCE1-48B2-9242-C7DF3F7DF24B}.Debug|x64.Build.0 = Debug|Any CPU
		{7FF70BD3-FCE1-48B2-9242-C7DF3F7DF24B}.Debug|x86.ActiveCfg = Debug|Any CPU
		{7FF70BD3-FCE1-48B2-9242-C7DF3F7DF24B}.Debug|x86.Build.0 = Debug|Any CPU
		{7FF70BD3-FCE1-48B2-9242-C7DF3F7DF24B}.Release|Any CPU.ActiveCfg = Release|Any CPU
		{7FF70BD3-FCE1-48B2-9242-C7DF3F7DF24B}.Release|Any CPU.Build.0 = Release|Any CPU
		{7FF70BD3-FCE1-48B2-9242-C7DF3F7DF24B}.Release|x64.ActiveCfg = Release|Any CPU
		{7FF70BD3-FCE1-48B2-9242-C7DF3F7DF24B}.Release|x64.Build.0 = Release|Any CPU
		{7FF70BD3-FCE1-48B2-9242-C7DF3F7DF24B}.Release|x86.ActiveCfg = Release|Any CPU
		{7FF70BD3-FCE1-48B2-9242-C7DF3F7DF24B}.Release|x86.Build.0 = Release|Any CPU
		{CD60714D-0CC6-47A1-A464-60E545011B5D}.Debug|Any CPU.ActiveCfg = Debug|Any CPU
		{CD60714D-0CC6-47A1-A464-60E545011B5D}.Debug|Any CPU.Build.0 = Debug|Any CPU
		{CD60714D-0CC6-47A1-A464-60E545011B5D}.Debug|x64.ActiveCfg = Debug|Any CPU
		{CD60714D-0CC6-47A1-A464-60E545011B5D}.Debug|x64.Build.0 = Debug|Any CPU
		{CD60714D-0CC6-47A1-A464-60E545011B5D}.Debug|x86.ActiveCfg = Debug|Any CPU
		{CD60714D-0CC6-47A1-A464-60E545011B5D}.Debug|x86.Build.0 = Debug|Any CPU
		{CD60714D-0CC6-47A1-A464-60E545011B5D}.Release|Any CPU.ActiveCfg = Release|Any CPU
		{CD60714D-0CC6-47A1-A464-60E545011B5D}.Release|Any CPU.Build.0 = Release|Any CPU
		{CD60714D-0CC6-47A1-A464-60E545011B5D}.Release|x64.ActiveCfg = Release|Any CPU
		{CD60714D-0CC6-47A1-A464-60E545011B5D}.Release|x64.Build.0 = Release|Any CPU
		{CD60714D-0CC6-47A1-A464-60E545011B5D}.Release|x86.ActiveCfg = Release|Any CPU
		{CD60714D-0CC6-47A1-A464-60E545011B5D}.Release|x86.Build.0 = Release|Any CPU
		{8E1F0D46-EFA5-44BA-A570-E88348E9F6F5}.Debug|Any CPU.ActiveCfg = Debug|Any CPU
		{8E1F0D46-EFA5-44BA-A570-E88348E9F6F5}.Debug|Any CPU.Build.0 = Debug|Any CPU
		{8E1F0D46-EFA5-44BA-A570-E88348E9F6F5}.Debug|x64.ActiveCfg = Debug|Any CPU
		{8E1F0D46-EFA5-44BA-A570-E88348E9F6F5}.Debug|x64.Build.0 = Debug|Any CPU
		{8E1F0D46-EFA5-44BA-A570-E88348E9F6F5}.Debug|x86.ActiveCfg = Debug|Any CPU
		{8E1F0D46-EFA5-44BA-A570-E88348E9F6F5}.Debug|x86.Build.0 = Debug|Any CPU
		{8E1F0D46-EFA5-44BA-A570-E88348E9F6F5}.Release|Any CPU.ActiveCfg = Release|Any CPU
		{8E1F0D46-EFA5-44BA-A570-E88348E9F6F5}.Release|Any CPU.Build.0 = Release|Any CPU
		{8E1F0D46-EFA5-44BA-A570-E88348E9F6F5}.Release|x64.ActiveCfg = Release|Any CPU
		{8E1F0D46-EFA5-44BA-A570-E88348E9F6F5}.Release|x64.Build.0 = Release|Any CPU
		{8E1F0D46-EFA5-44BA-A570-E88348E9F6F5}.Release|x86.ActiveCfg = Release|Any CPU
		{8E1F0D46-EFA5-44BA-A570-E88348E9F6F5}.Release|x86.Build.0 = Release|Any CPU
		{02929F3A-2F73-4EC2-A08C-45C0B167497C}.Debug|Any CPU.ActiveCfg = Debug|Any CPU
		{02929F3A-2F73-4EC2-A08C-45C0B167497C}.Debug|Any CPU.Build.0 = Debug|Any CPU
		{02929F3A-2F73-4EC2-A08C-45C0B167497C}.Debug|x64.ActiveCfg = Debug|Any CPU
		{02929F3A-2F73-4EC2-A08C-45C0B167497C}.Debug|x64.Build.0 = Debug|Any CPU
		{02929F3A-2F73-4EC2-A08C-45C0B167497C}.Debug|x86.ActiveCfg = Debug|Any CPU
		{02929F3A-2F73-4EC2-A08C-45C0B167497C}.Debug|x86.Build.0 = Debug|Any CPU
		{02929F3A-2F73-4EC2-A08C-45C0B167497C}.Release|Any CPU.ActiveCfg = Release|Any CPU
		{02929F3A-2F73-4EC2-A08C-45C0B167497C}.Release|Any CPU.Build.0 = Release|Any CPU
		{02929F3A-2F73-4EC2-A08C-45C0B167497C}.Release|x64.ActiveCfg = Release|Any CPU
		{02929F3A-2F73-4EC2-A08C-45C0B167497C}.Release|x64.Build.0 = Release|Any CPU
		{02929F3A-2F73-4EC2-A08C-45C0B167497C}.Release|x86.ActiveCfg = Release|Any CPU
		{02929F3A-2F73-4EC2-A08C-45C0B167497C}.Release|x86.Build.0 = Release|Any CPU
		{8975956D-ECE8-4B60-92C7-1A70112005E8}.Debug|Any CPU.ActiveCfg = Debug|Any CPU
		{8975956D-ECE8-4B60-92C7-1A70112005E8}.Debug|Any CPU.Build.0 = Debug|Any CPU
		{8975956D-ECE8-4B60-92C7-1A70112005E8}.Debug|x64.ActiveCfg = Debug|Any CPU
		{8975956D-ECE8-4B60-92C7-1A70112005E8}.Debug|x64.Build.0 = Debug|Any CPU
		{8975956D-ECE8-4B60-92C7-1A70112005E8}.Debug|x86.ActiveCfg = Debug|Any CPU
		{8975956D-ECE8-4B60-92C7-1A70112005E8}.Debug|x86.Build.0 = Debug|Any CPU
		{8975956D-ECE8-4B60-92C7-1A70112005E8}.Release|Any CPU.ActiveCfg = Release|Any CPU
		{8975956D-ECE8-4B60-92C7-1A70112005E8}.Release|Any CPU.Build.0 = Release|Any CPU
		{8975956D-ECE8-4B60-92C7-1A70112005E8}.Release|x64.ActiveCfg = Release|Any CPU
		{8975956D-ECE8-4B60-92C7-1A70112005E8}.Release|x64.Build.0 = Release|Any CPU
		{8975956D-ECE8-4B60-92C7-1A70112005E8}.Release|x86.ActiveCfg = Release|Any CPU
		{8975956D-ECE8-4B60-92C7-1A70112005E8}.Release|x86.Build.0 = Release|Any CPU
		{25977C78-0917-4EAC-93B1-C110B3D26EB6}.Debug|Any CPU.ActiveCfg = Debug|Any CPU
		{25977C78-0917-4EAC-93B1-C110B3D26EB6}.Debug|Any CPU.Build.0 = Debug|Any CPU
		{25977C78-0917-4EAC-93B1-C110B3D26EB6}.Debug|x64.ActiveCfg = Debug|Any CPU
		{25977C78-0917-4EAC-93B1-C110B3D26EB6}.Debug|x64.Build.0 = Debug|Any CPU
		{25977C78-0917-4EAC-93B1-C110B3D26EB6}.Debug|x86.ActiveCfg = Debug|Any CPU
		{25977C78-0917-4EAC-93B1-C110B3D26EB6}.Debug|x86.Build.0 = Debug|Any CPU
		{25977C78-0917-4EAC-93B1-C110B3D26EB6}.Release|Any CPU.ActiveCfg = Release|Any CPU
		{25977C78-0917-4EAC-93B1-C110B3D26EB6}.Release|Any CPU.Build.0 = Release|Any CPU
		{25977C78-0917-4EAC-93B1-C110B3D26EB6}.Release|x64.ActiveCfg = Release|Any CPU
		{25977C78-0917-4EAC-93B1-C110B3D26EB6}.Release|x64.Build.0 = Release|Any CPU
		{25977C78-0917-4EAC-93B1-C110B3D26EB6}.Release|x86.ActiveCfg = Release|Any CPU
		{25977C78-0917-4EAC-93B1-C110B3D26EB6}.Release|x86.Build.0 = Release|Any CPU
		{5345FD86-7F4E-4406-94C5-C3ED1D20E752}.Debug|Any CPU.ActiveCfg = Debug|Any CPU
		{5345FD86-7F4E-4406-94C5-C3ED1D20E752}.Debug|Any CPU.Build.0 = Debug|Any CPU
		{5345FD86-7F4E-4406-94C5-C3ED1D20E752}.Debug|x64.ActiveCfg = Debug|Any CPU
		{5345FD86-7F4E-4406-94C5-C3ED1D20E752}.Debug|x64.Build.0 = Debug|Any CPU
		{5345FD86-7F4E-4406-94C5-C3ED1D20E752}.Debug|x86.ActiveCfg = Debug|Any CPU
		{5345FD86-7F4E-4406-94C5-C3ED1D20E752}.Debug|x86.Build.0 = Debug|Any CPU
		{5345FD86-7F4E-4406-94C5-C3ED1D20E752}.Release|Any CPU.ActiveCfg = Release|Any CPU
		{5345FD86-7F4E-4406-94C5-C3ED1D20E752}.Release|Any CPU.Build.0 = Release|Any CPU
		{5345FD86-7F4E-4406-94C5-C3ED1D20E752}.Release|x64.ActiveCfg = Release|Any CPU
		{5345FD86-7F4E-4406-94C5-C3ED1D20E752}.Release|x64.Build.0 = Release|Any CPU
		{5345FD86-7F4E-4406-94C5-C3ED1D20E752}.Release|x86.ActiveCfg = Release|Any CPU
		{5345FD86-7F4E-4406-94C5-C3ED1D20E752}.Release|x86.Build.0 = Release|Any CPU
		{87A16F62-B4E3-4D15-81F1-26E6F99AB769}.Debug|Any CPU.ActiveCfg = Debug|Any CPU
		{87A16F62-B4E3-4D15-81F1-26E6F99AB769}.Debug|Any CPU.Build.0 = Debug|Any CPU
		{87A16F62-B4E3-4D15-81F1-26E6F99AB769}.Debug|x64.ActiveCfg = Debug|Any CPU
		{87A16F62-B4E3-4D15-81F1-26E6F99AB769}.Debug|x64.Build.0 = Debug|Any CPU
		{87A16F62-B4E3-4D15-81F1-26E6F99AB769}.Debug|x86.ActiveCfg = Debug|Any CPU
		{87A16F62-B4E3-4D15-81F1-26E6F99AB769}.Debug|x86.Build.0 = Debug|Any CPU
		{87A16F62-B4E3-4D15-81F1-26E6F99AB769}.Release|Any CPU.ActiveCfg = Release|Any CPU
		{87A16F62-B4E3-4D15-81F1-26E6F99AB769}.Release|Any CPU.Build.0 = Release|Any CPU
		{87A16F62-B4E3-4D15-81F1-26E6F99AB769}.Release|x64.ActiveCfg = Release|Any CPU
		{87A16F62-B4E3-4D15-81F1-26E6F99AB769}.Release|x64.Build.0 = Release|Any CPU
		{87A16F62-B4E3-4D15-81F1-26E6F99AB769}.Release|x86.ActiveCfg = Release|Any CPU
		{87A16F62-B4E3-4D15-81F1-26E6F99AB769}.Release|x86.Build.0 = Release|Any CPU
		{88BA1D94-C89C-4A31-ADB4-B7E0C08F0A8E}.Debug|Any CPU.ActiveCfg = Debug|Any CPU
		{88BA1D94-C89C-4A31-ADB4-B7E0C08F0A8E}.Debug|Any CPU.Build.0 = Debug|Any CPU
		{88BA1D94-C89C-4A31-ADB4-B7E0C08F0A8E}.Debug|x64.ActiveCfg = Debug|Any CPU
		{88BA1D94-C89C-4A31-ADB4-B7E0C08F0A8E}.Debug|x64.Build.0 = Debug|Any CPU
		{88BA1D94-C89C-4A31-ADB4-B7E0C08F0A8E}.Debug|x86.ActiveCfg = Debug|Any CPU
		{88BA1D94-C89C-4A31-ADB4-B7E0C08F0A8E}.Debug|x86.Build.0 = Debug|Any CPU
		{88BA1D94-C89C-4A31-ADB4-B7E0C08F0A8E}.Release|Any CPU.ActiveCfg = Release|Any CPU
		{88BA1D94-C89C-4A31-ADB4-B7E0C08F0A8E}.Release|Any CPU.Build.0 = Release|Any CPU
		{88BA1D94-C89C-4A31-ADB4-B7E0C08F0A8E}.Release|x64.ActiveCfg = Release|Any CPU
		{88BA1D94-C89C-4A31-ADB4-B7E0C08F0A8E}.Release|x64.Build.0 = Release|Any CPU
		{88BA1D94-C89C-4A31-ADB4-B7E0C08F0A8E}.Release|x86.ActiveCfg = Release|Any CPU
		{88BA1D94-C89C-4A31-ADB4-B7E0C08F0A8E}.Release|x86.Build.0 = Release|Any CPU
		{1DE7A3A0-F6E7-42AE-A75E-6CC326CB6CDC}.Debug|Any CPU.ActiveCfg = Debug|Any CPU
		{1DE7A3A0-F6E7-42AE-A75E-6CC326CB6CDC}.Debug|Any CPU.Build.0 = Debug|Any CPU
		{1DE7A3A0-F6E7-42AE-A75E-6CC326CB6CDC}.Debug|x64.ActiveCfg = Debug|Any CPU
		{1DE7A3A0-F6E7-42AE-A75E-6CC326CB6CDC}.Debug|x64.Build.0 = Debug|Any CPU
		{1DE7A3A0-F6E7-42AE-A75E-6CC326CB6CDC}.Debug|x86.ActiveCfg = Debug|Any CPU
		{1DE7A3A0-F6E7-42AE-A75E-6CC326CB6CDC}.Debug|x86.Build.0 = Debug|Any CPU
		{1DE7A3A0-F6E7-42AE-A75E-6CC326CB6CDC}.Release|Any CPU.ActiveCfg = Release|Any CPU
		{1DE7A3A0-F6E7-42AE-A75E-6CC326CB6CDC}.Release|Any CPU.Build.0 = Release|Any CPU
		{1DE7A3A0-F6E7-42AE-A75E-6CC326CB6CDC}.Release|x64.ActiveCfg = Release|Any CPU
		{1DE7A3A0-F6E7-42AE-A75E-6CC326CB6CDC}.Release|x64.Build.0 = Release|Any CPU
		{1DE7A3A0-F6E7-42AE-A75E-6CC326CB6CDC}.Release|x86.ActiveCfg = Release|Any CPU
		{1DE7A3A0-F6E7-42AE-A75E-6CC326CB6CDC}.Release|x86.Build.0 = Release|Any CPU
		{FB61BCCE-1009-4529-9A69-985707314847}.Debug|Any CPU.ActiveCfg = Debug|Any CPU
		{FB61BCCE-1009-4529-9A69-985707314847}.Debug|Any CPU.Build.0 = Debug|Any CPU
		{FB61BCCE-1009-4529-9A69-985707314847}.Debug|x64.ActiveCfg = Debug|Any CPU
		{FB61BCCE-1009-4529-9A69-985707314847}.Debug|x64.Build.0 = Debug|Any CPU
		{FB61BCCE-1009-4529-9A69-985707314847}.Debug|x86.ActiveCfg = Debug|Any CPU
		{FB61BCCE-1009-4529-9A69-985707314847}.Debug|x86.Build.0 = Debug|Any CPU
		{FB61BCCE-1009-4529-9A69-985707314847}.Release|Any CPU.ActiveCfg = Release|Any CPU
		{FB61BCCE-1009-4529-9A69-985707314847}.Release|Any CPU.Build.0 = Release|Any CPU
		{FB61BCCE-1009-4529-9A69-985707314847}.Release|x64.ActiveCfg = Release|Any CPU
		{FB61BCCE-1009-4529-9A69-985707314847}.Release|x64.Build.0 = Release|Any CPU
		{FB61BCCE-1009-4529-9A69-985707314847}.Release|x86.ActiveCfg = Release|Any CPU
		{FB61BCCE-1009-4529-9A69-985707314847}.Release|x86.Build.0 = Release|Any CPU
		{78D4AA44-DF80-4B02-854D-8D0A00055578}.Debug|Any CPU.ActiveCfg = Debug|Any CPU
		{78D4AA44-DF80-4B02-854D-8D0A00055578}.Debug|Any CPU.Build.0 = Debug|Any CPU
		{78D4AA44-DF80-4B02-854D-8D0A00055578}.Debug|x64.ActiveCfg = Debug|Any CPU
		{78D4AA44-DF80-4B02-854D-8D0A00055578}.Debug|x64.Build.0 = Debug|Any CPU
		{78D4AA44-DF80-4B02-854D-8D0A00055578}.Debug|x86.ActiveCfg = Debug|Any CPU
		{78D4AA44-DF80-4B02-854D-8D0A00055578}.Debug|x86.Build.0 = Debug|Any CPU
		{78D4AA44-DF80-4B02-854D-8D0A00055578}.Release|Any CPU.ActiveCfg = Release|Any CPU
		{78D4AA44-DF80-4B02-854D-8D0A00055578}.Release|Any CPU.Build.0 = Release|Any CPU
		{78D4AA44-DF80-4B02-854D-8D0A00055578}.Release|x64.ActiveCfg = Release|Any CPU
		{78D4AA44-DF80-4B02-854D-8D0A00055578}.Release|x64.Build.0 = Release|Any CPU
		{78D4AA44-DF80-4B02-854D-8D0A00055578}.Release|x86.ActiveCfg = Release|Any CPU
		{78D4AA44-DF80-4B02-854D-8D0A00055578}.Release|x86.Build.0 = Release|Any CPU
		{4F2A3082-CCBE-435B-A91D-0CBEBBF97961}.Debug|Any CPU.ActiveCfg = Debug|Any CPU
		{4F2A3082-CCBE-435B-A91D-0CBEBBF97961}.Debug|Any CPU.Build.0 = Debug|Any CPU
		{4F2A3082-CCBE-435B-A91D-0CBEBBF97961}.Debug|x64.ActiveCfg = Debug|Any CPU
		{4F2A3082-CCBE-435B-A91D-0CBEBBF97961}.Debug|x64.Build.0 = Debug|Any CPU
		{4F2A3082-CCBE-435B-A91D-0CBEBBF97961}.Debug|x86.ActiveCfg = Debug|Any CPU
		{4F2A3082-CCBE-435B-A91D-0CBEBBF97961}.Debug|x86.Build.0 = Debug|Any CPU
		{4F2A3082-CCBE-435B-A91D-0CBEBBF97961}.Release|Any CPU.ActiveCfg = Release|Any CPU
		{4F2A3082-CCBE-435B-A91D-0CBEBBF97961}.Release|Any CPU.Build.0 = Release|Any CPU
		{4F2A3082-CCBE-435B-A91D-0CBEBBF97961}.Release|x64.ActiveCfg = Release|Any CPU
		{4F2A3082-CCBE-435B-A91D-0CBEBBF97961}.Release|x64.Build.0 = Release|Any CPU
		{4F2A3082-CCBE-435B-A91D-0CBEBBF97961}.Release|x86.ActiveCfg = Release|Any CPU
		{4F2A3082-CCBE-435B-A91D-0CBEBBF97961}.Release|x86.Build.0 = Release|Any CPU
		{4F238C64-4272-4634-BFF3-BC223C243A59}.Debug|Any CPU.ActiveCfg = Debug|Any CPU
		{4F238C64-4272-4634-BFF3-BC223C243A59}.Debug|Any CPU.Build.0 = Debug|Any CPU
		{4F238C64-4272-4634-BFF3-BC223C243A59}.Debug|x64.ActiveCfg = Debug|Any CPU
		{4F238C64-4272-4634-BFF3-BC223C243A59}.Debug|x64.Build.0 = Debug|Any CPU
		{4F238C64-4272-4634-BFF3-BC223C243A59}.Debug|x86.ActiveCfg = Debug|Any CPU
		{4F238C64-4272-4634-BFF3-BC223C243A59}.Debug|x86.Build.0 = Debug|Any CPU
		{4F238C64-4272-4634-BFF3-BC223C243A59}.Release|Any CPU.ActiveCfg = Release|Any CPU
		{4F238C64-4272-4634-BFF3-BC223C243A59}.Release|Any CPU.Build.0 = Release|Any CPU
		{4F238C64-4272-4634-BFF3-BC223C243A59}.Release|x64.ActiveCfg = Release|Any CPU
		{4F238C64-4272-4634-BFF3-BC223C243A59}.Release|x64.Build.0 = Release|Any CPU
		{4F238C64-4272-4634-BFF3-BC223C243A59}.Release|x86.ActiveCfg = Release|Any CPU
		{4F238C64-4272-4634-BFF3-BC223C243A59}.Release|x86.Build.0 = Release|Any CPU
		{2673B5D8-B21D-4522-8118-1D585CA37EA0}.Debug|Any CPU.ActiveCfg = Debug|Any CPU
		{2673B5D8-B21D-4522-8118-1D585CA37EA0}.Debug|Any CPU.Build.0 = Debug|Any CPU
		{2673B5D8-B21D-4522-8118-1D585CA37EA0}.Debug|x64.ActiveCfg = Debug|Any CPU
		{2673B5D8-B21D-4522-8118-1D585CA37EA0}.Debug|x64.Build.0 = Debug|Any CPU
		{2673B5D8-B21D-4522-8118-1D585CA37EA0}.Debug|x86.ActiveCfg = Debug|Any CPU
		{2673B5D8-B21D-4522-8118-1D585CA37EA0}.Debug|x86.Build.0 = Debug|Any CPU
		{2673B5D8-B21D-4522-8118-1D585CA37EA0}.Release|Any CPU.ActiveCfg = Release|Any CPU
		{2673B5D8-B21D-4522-8118-1D585CA37EA0}.Release|Any CPU.Build.0 = Release|Any CPU
		{2673B5D8-B21D-4522-8118-1D585CA37EA0}.Release|x64.ActiveCfg = Release|Any CPU
		{2673B5D8-B21D-4522-8118-1D585CA37EA0}.Release|x64.Build.0 = Release|Any CPU
		{2673B5D8-B21D-4522-8118-1D585CA37EA0}.Release|x86.ActiveCfg = Release|Any CPU
		{2673B5D8-B21D-4522-8118-1D585CA37EA0}.Release|x86.Build.0 = Release|Any CPU
		{4A34DDCC-75DF-45D6-B2C1-E385899DD555}.Debug|Any CPU.ActiveCfg = Debug|Any CPU
		{4A34DDCC-75DF-45D6-B2C1-E385899DD555}.Debug|Any CPU.Build.0 = Debug|Any CPU
		{4A34DDCC-75DF-45D6-B2C1-E385899DD555}.Debug|x64.ActiveCfg = Debug|Any CPU
		{4A34DDCC-75DF-45D6-B2C1-E385899DD555}.Debug|x64.Build.0 = Debug|Any CPU
		{4A34DDCC-75DF-45D6-B2C1-E385899DD555}.Debug|x86.ActiveCfg = Debug|Any CPU
		{4A34DDCC-75DF-45D6-B2C1-E385899DD555}.Debug|x86.Build.0 = Debug|Any CPU
		{4A34DDCC-75DF-45D6-B2C1-E385899DD555}.Release|Any CPU.ActiveCfg = Release|Any CPU
		{4A34DDCC-75DF-45D6-B2C1-E385899DD555}.Release|Any CPU.Build.0 = Release|Any CPU
		{4A34DDCC-75DF-45D6-B2C1-E385899DD555}.Release|x64.ActiveCfg = Release|Any CPU
		{4A34DDCC-75DF-45D6-B2C1-E385899DD555}.Release|x64.Build.0 = Release|Any CPU
		{4A34DDCC-75DF-45D6-B2C1-E385899DD555}.Release|x86.ActiveCfg = Release|Any CPU
		{4A34DDCC-75DF-45D6-B2C1-E385899DD555}.Release|x86.Build.0 = Release|Any CPU
		{3A867DF6-66D2-45F9-A5EA-3F34E9AA1451}.Debug|Any CPU.ActiveCfg = Debug|Any CPU
		{3A867DF6-66D2-45F9-A5EA-3F34E9AA1451}.Debug|Any CPU.Build.0 = Debug|Any CPU
		{3A867DF6-66D2-45F9-A5EA-3F34E9AA1451}.Debug|x64.ActiveCfg = Debug|Any CPU
		{3A867DF6-66D2-45F9-A5EA-3F34E9AA1451}.Debug|x64.Build.0 = Debug|Any CPU
		{3A867DF6-66D2-45F9-A5EA-3F34E9AA1451}.Debug|x86.ActiveCfg = Debug|Any CPU
		{3A867DF6-66D2-45F9-A5EA-3F34E9AA1451}.Debug|x86.Build.0 = Debug|Any CPU
		{3A867DF6-66D2-45F9-A5EA-3F34E9AA1451}.Release|Any CPU.ActiveCfg = Release|Any CPU
		{3A867DF6-66D2-45F9-A5EA-3F34E9AA1451}.Release|Any CPU.Build.0 = Release|Any CPU
		{3A867DF6-66D2-45F9-A5EA-3F34E9AA1451}.Release|x64.ActiveCfg = Release|Any CPU
		{3A867DF6-66D2-45F9-A5EA-3F34E9AA1451}.Release|x64.Build.0 = Release|Any CPU
		{3A867DF6-66D2-45F9-A5EA-3F34E9AA1451}.Release|x86.ActiveCfg = Release|Any CPU
		{3A867DF6-66D2-45F9-A5EA-3F34E9AA1451}.Release|x86.Build.0 = Release|Any CPU
		{A94A6012-3DE4-433E-BA0B-1EF9F7A1F090}.Debug|Any CPU.ActiveCfg = Debug|Any CPU
		{A94A6012-3DE4-433E-BA0B-1EF9F7A1F090}.Debug|Any CPU.Build.0 = Debug|Any CPU
		{A94A6012-3DE4-433E-BA0B-1EF9F7A1F090}.Debug|x64.ActiveCfg = Debug|Any CPU
		{A94A6012-3DE4-433E-BA0B-1EF9F7A1F090}.Debug|x64.Build.0 = Debug|Any CPU
		{A94A6012-3DE4-433E-BA0B-1EF9F7A1F090}.Debug|x86.ActiveCfg = Debug|Any CPU
		{A94A6012-3DE4-433E-BA0B-1EF9F7A1F090}.Debug|x86.Build.0 = Debug|Any CPU
		{A94A6012-3DE4-433E-BA0B-1EF9F7A1F090}.Release|Any CPU.ActiveCfg = Release|Any CPU
		{A94A6012-3DE4-433E-BA0B-1EF9F7A1F090}.Release|Any CPU.Build.0 = Release|Any CPU
		{A94A6012-3DE4-433E-BA0B-1EF9F7A1F090}.Release|x64.ActiveCfg = Release|Any CPU
		{A94A6012-3DE4-433E-BA0B-1EF9F7A1F090}.Release|x64.Build.0 = Release|Any CPU
		{A94A6012-3DE4-433E-BA0B-1EF9F7A1F090}.Release|x86.ActiveCfg = Release|Any CPU
		{A94A6012-3DE4-433E-BA0B-1EF9F7A1F090}.Release|x86.Build.0 = Release|Any CPU
	EndGlobalSection
	GlobalSection(SolutionProperties) = preSolution
		HideSolutionNode = FALSE
	EndGlobalSection
	GlobalSection(NestedProjects) = preSolution
		{81034408-37C8-1011-444E-4C15C2FADA8E} = {827E0CD3-B72D-47B6-A68D-7590B98EB39B}
		{7FF70BD3-FCE1-48B2-9242-C7DF3F7DF24B} = {81034408-37C8-1011-444E-4C15C2FADA8E}
		{A1B2C3D4-E5F6-7890-1234-56789ABCDEF0} = {827E0CD3-B72D-47B6-A68D-7590B98EB39B}
		{CD60714D-0CC6-47A1-A464-60E545011B5D} = {A1B2C3D4-E5F6-7890-1234-56789ABCDEF0}
		{EC447DCF-ABFA-6E24-52A5-D7FD48A5C558} = {827E0CD3-B72D-47B6-A68D-7590B98EB39B}
		{D1234567-89AB-CDEF-0123-456789ABCDEF} = {EC447DCF-ABFA-6E24-52A5-D7FD48A5C558}
		{8E1F0D46-EFA5-44BA-A570-E88348E9F6F5} = {D1234567-89AB-CDEF-0123-456789ABCDEF}
		{02929F3A-2F73-4EC2-A08C-45C0B167497C} = {D1234567-89AB-CDEF-0123-456789ABCDEF}
		{8975956D-ECE8-4B60-92C7-1A70112005E8} = {D1234567-89AB-CDEF-0123-456789ABCDEF}
		{31CD2CB5-350A-82DF-AFB0-7FE398B51CBB} = {EC447DCF-ABFA-6E24-52A5-D7FD48A5C558}
		{25977C78-0917-4EAC-93B1-C110B3D26EB6} = {31CD2CB5-350A-82DF-AFB0-7FE398B51CBB}
		{5345FD86-7F4E-4406-94C5-C3ED1D20E752} = {31CD2CB5-350A-82DF-AFB0-7FE398B51CBB}
		{87A16F62-B4E3-4D15-81F1-26E6F99AB769} = {31CD2CB5-350A-82DF-AFB0-7FE398B51CBB}
		{E5FDEE30-367C-08DC-7DB2-17C5A9B2F85E} = {EC447DCF-ABFA-6E24-52A5-D7FD48A5C558}
		{88BA1D94-C89C-4A31-ADB4-B7E0C08F0A8E} = {E5FDEE30-367C-08DC-7DB2-17C5A9B2F85E}
		{1DE7A3A0-F6E7-42AE-A75E-6CC326CB6CDC} = {E5FDEE30-367C-08DC-7DB2-17C5A9B2F85E}
		{FB61BCCE-1009-4529-9A69-985707314847} = {E5FDEE30-367C-08DC-7DB2-17C5A9B2F85E}
		{E561A2CC-1A7C-F07F-E5AD-1B623E3B893A} = {EC447DCF-ABFA-6E24-52A5-D7FD48A5C558}
		{78D4AA44-DF80-4B02-854D-8D0A00055578} = {E561A2CC-1A7C-F07F-E5AD-1B623E3B893A}
		{4F2A3082-CCBE-435B-A91D-0CBEBBF97961} = {E561A2CC-1A7C-F07F-E5AD-1B623E3B893A}
		{4F238C64-4272-4634-BFF3-BC223C243A59} = {E561A2CC-1A7C-F07F-E5AD-1B623E3B893A}
		{D9B20C9C-DD87-CE7C-47DA-0BA0D6416E7F} = {0AB3BF05-4346-4AA6-1389-037BE0695223}
		{2673B5D8-B21D-4522-8118-1D585CA37EA0} = {D9B20C9C-DD87-CE7C-47DA-0BA0D6416E7F}
		{5B55E270-AFA4-B867-AD94-FC307CCCA510} = {0AB3BF05-4346-4AA6-1389-037BE0695223}
		{4A34DDCC-75DF-45D6-B2C1-E385899DD555} = {5B55E270-AFA4-B867-AD94-FC307CCCA510}
		{F1234567-89AB-CDEF-0123-456789ABCDEF} = {0AB3BF05-4346-4AA6-1389-037BE0695223}
		{3A867DF6-66D2-45F9-A5EA-3F34E9AA1451} = {F1234567-89AB-CDEF-0123-456789ABCDEF}
		{3296EB24-CAED-3D4C-E552-07C977D8AD8E} = {0AB3BF05-4346-4AA6-1389-037BE0695223}
		{A94A6012-3DE4-433E-BA0B-1EF9F7A1F090} = {3296EB24-CAED-3D4C-E552-07C977D8AD8E}
	EndGlobalSection
EndGlobal
